
Microsoft Visual Studio Solution File, Format Version 12.00
# Visual Studio Version 17
VisualStudioVersion = 17.8.34511.84
MinimumVisualStudioVersion = 10.0.40219.1
Project("{9A19103F-16F7-4668-BE54-9A1E7A4F7556}") = "App", "App.csproj", "{08493F85-5460-42C4-8680-9438F46752F2}"
	ProjectSection(ProjectDependencies) = postProject
		{B54FA7F3-70CB-4723-8EC0-E2D18A70F7B3} = {B54FA7F3-70CB-4723-8EC0-E2D18A70F7B3}
	EndProjectSection
EndProject
Project("{FAE04EC0-301F-11D3-BF4B-00C04F79EFBC}") = "Infrastructure", "..\Infrastructure\Infrastructure.csproj", "{F02AD126-283E-4F2E-AA5D-76D5F20DB69A}"
EndProject
Project("{FAE04EC0-301F-11D3-BF4B-00C04F79EFBC}") = "Domain", "..\Domain\Domain.csproj", "{F812C22D-4860-4C61-9C33-C20E2BD38AA1}"
EndProject
Project("{FAE04EC0-301F-11D3-BF4B-00C04F79EFBC}") = "Application", "..\Application\Application.csproj", "{B54FA7F3-70CB-4723-8EC0-E2D18A70F7B3}"
EndProject
Global
	GlobalSection(SolutionConfigurationPlatforms) = preSolution
		Debug|Any CPU = Debug|Any CPU
		Release|Any CPU = Release|Any CPU
	EndGlobalSection
	GlobalSection(ProjectConfigurationPlatforms) = postSolution
		{08493F85-5460-42C4-8680-9438F46752F2}.Debug|Any CPU.ActiveCfg = Debug|Any CPU
		{08493F85-5460-42C4-8680-9438F46752F2}.Debug|Any CPU.Build.0 = Debug|Any CPU
		{08493F85-5460-42C4-8680-9438F46752F2}.Release|Any CPU.ActiveCfg = Release|Any CPU
		{08493F85-5460-42C4-8680-9438F46752F2}.Release|Any CPU.Build.0 = Release|Any CPU
		{F02AD126-283E-4F2E-AA5D-76D5F20DB69A}.Debug|Any CPU.ActiveCfg = Debug|Any CPU
		{F02AD126-283E-4F2E-AA5D-76D5F20DB69A}.Debug|Any CPU.Build.0 = Debug|Any CPU
		{F02AD126-283E-4F2E-AA5D-76D5F20DB69A}.Release|Any CPU.ActiveCfg = Release|Any CPU
		{F02AD126-283E-4F2E-AA5D-76D5F20DB69A}.Release|Any CPU.Build.0 = Release|Any CPU
		{F812C22D-4860-4C61-9C33-C20E2BD38AA1}.Debug|Any CPU.ActiveCfg = Debug|Any CPU
		{F812C22D-4860-4C61-9C33-C20E2BD38AA1}.Debug|Any CPU.Build.0 = Debug|Any CPU
		{F812C22D-4860-4C61-9C33-C20E2BD38AA1}.Release|Any CPU.ActiveCfg = Release|Any CPU
		{F812C22D-4860-4C61-9C33-C20E2BD38AA1}.Release|Any CPU.Build.0 = Release|Any CPU
		{B54FA7F3-70CB-4723-8EC0-E2D18A70F7B3}.Debug|Any CPU.ActiveCfg = Debug|Any CPU
		{B54FA7F3-70CB-4723-8EC0-E2D18A70F7B3}.Debug|Any CPU.Build.0 = Debug|Any CPU
		{B54FA7F3-70CB-4723-8EC0-E2D18A70F7B3}.Release|Any CPU.ActiveCfg = Release|Any CPU
		{B54FA7F3-70CB-4723-8EC0-E2D18A70F7B3}.Release|Any CPU.Build.0 = Release|Any CPU
	EndGlobalSection
	GlobalSection(SolutionProperties) = preSolution
		HideSolutionNode = FALSE
	EndGlobalSection
	GlobalSection(ExtensibilityGlobals) = postSolution
		SolutionGuid = {C3417BD9-FEBA-4EBF-83EC-49C793C229B5}
	EndGlobalSection
EndGlobal
