
Microsoft Visual Studio Solution File, Format Version 12.00
# Visual Studio Version 17
VisualStudioVersion = 17.8.34511.84
MinimumVisualStudioVersion = 10.0.40219.1
Project("{9A19103F-16F7-4668-BE54-9A1E7A4F7556}") = "App", "Api\App.csproj", "{939BCB5F-9348-4D30-97BF-8AA3D5780C0C}"
EndProject
Project("{9A19103F-16F7-4668-BE54-9A1E7A4F7556}") = "Application", "Application\Application.csproj", "{FBFC4BD4-26C6-4860-B464-918E10DED160}"
EndProject
Project("{9A19103F-16F7-4668-BE54-9A1E7A4F7556}") = "Domain", "Domain\Domain.csproj", "{4CF94C09-2EB1-4E04-9CB1-BACC5A003450}"
EndProject
Project("{9A19103F-16F7-4668-BE54-9A1E7A4F7556}") = "Infrastructure", "Infrastructure\Infrastructure.csproj", "{9CCE5574-4828-47BC-9FF2-6704DA9008EA}"
EndProject
Global
	GlobalSection(SolutionConfigurationPlatforms) = preSolution
		Debug|Any CPU = Debug|Any CPU
		Release|Any CPU = Release|Any CPU
	EndGlobalSection
	GlobalSection(ProjectConfigurationPlatforms) = postSolution
		{939BCB5F-9348-4D30-97BF-8AA3D5780C0C}.Debug|Any CPU.ActiveCfg = Debug|Any CPU
		{939BCB5F-9348-4D30-97BF-8AA3D5780C0C}.Debug|Any CPU.Build.0 = Debug|Any CPU
		{939BCB5F-9348-4D30-97BF-8AA3D5780C0C}.Release|Any CPU.ActiveCfg = Release|Any CPU
		{939BCB5F-9348-4D30-97BF-8AA3D5780C0C}.Release|Any CPU.Build.0 = Release|Any CPU
		{FBFC4BD4-26C6-4860-B464-918E10DED160}.Debug|Any CPU.ActiveCfg = Debug|Any CPU
		{FBFC4BD4-26C6-4860-B464-918E10DED160}.Debug|Any CPU.Build.0 = Debug|Any CPU
		{FBFC4BD4-26C6-4860-B464-918E10DED160}.Release|Any CPU.ActiveCfg = Release|Any CPU
		{FBFC4BD4-26C6-4860-B464-918E10DED160}.Release|Any CPU.Build.0 = Release|Any CPU
		{4CF94C09-2EB1-4E04-9CB1-BACC5A003450}.Debug|Any CPU.ActiveCfg = Debug|Any CPU
		{4CF94C09-2EB1-4E04-9CB1-BACC5A003450}.Debug|Any CPU.Build.0 = Debug|Any CPU
		{4CF94C09-2EB1-4E04-9CB1-BACC5A003450}.Release|Any CPU.ActiveCfg = Release|Any CPU
		{4CF94C09-2EB1-4E04-9CB1-BACC5A003450}.Release|Any CPU.Build.0 = Release|Any CPU
		{9CCE5574-4828-47BC-9FF2-6704DA9008EA}.Debug|Any CPU.ActiveCfg = Debug|Any CPU
		{9CCE5574-4828-47BC-9FF2-6704DA9008EA}.Debug|Any CPU.Build.0 = Debug|Any CPU
		{9CCE5574-4828-47BC-9FF2-6704DA9008EA}.Release|Any CPU.ActiveCfg = Release|Any CPU
		{9CCE5574-4828-47BC-9FF2-6704DA9008EA}.Release|Any CPU.Build.0 = Release|Any CPU
	EndGlobalSection
	GlobalSection(SolutionProperties) = preSolution
		HideSolutionNode = FALSE
	EndGlobalSection
	GlobalSection(ExtensibilityGlobals) = postSolution
		SolutionGuid = {C3417BD9-FEBA-4EBF-83EC-49C793C229B5}
	EndGlobalSection
EndGlobal
