
Microsoft Visual Studio Solution File, Format Version 12.00
# Visual Studio Version 17
VisualStudioVersion = 17.6.33815.320
MinimumVisualStudioVersion = 10.0.40219.1
Project("{9A19103F-16F7-4668-BE54-9A1E7A4F7556}") = "Infrastructure", "Infrastructure\Infrastructure.csproj", "{7C41ABFD-FE96-4BDE-B8E2-B69E2740E91D}"
EndProject
Project("{9A19103F-16F7-4668-BE54-9A1E7A4F7556}") = "Domain", "Domain\Domain.csproj", "{0268F327-14D3-42A5-9CC6-4DDFE7BFC678}"
EndProject
Project("{9A19103F-16F7-4668-BE54-9A1E7A4F7556}") = "Application", "Application\Application.csproj", "{8F4B5896-A35D-4615-939F-C303BD2C3EAD}"
EndProject
Project("{9A19103F-16F7-4668-BE54-9A1E7A4F7556}") = "Test", "Test\Test.csproj", "{D8EB34B9-597D-434E-81D6-CAEF29EAFEE2}"
EndProject
Project("{9A19103F-16F7-4668-BE54-9A1E7A4F7556}") = "App", "App\App.csproj", "{06108B37-2799-41C5-9EF6-77A3BAA40BD0}"
EndProject
Global
	GlobalSection(SolutionConfigurationPlatforms) = preSolution
		Debug|Any CPU = Debug|Any CPU
		Release|Any CPU = Release|Any CPU
	EndGlobalSection
	GlobalSection(ProjectConfigurationPlatforms) = postSolution
		{7C41ABFD-FE96-4BDE-B8E2-B69E2740E91D}.Debug|Any CPU.ActiveCfg = Debug|Any CPU
		{7C41ABFD-FE96-4BDE-B8E2-B69E2740E91D}.Debug|Any CPU.Build.0 = Debug|Any CPU
		{7C41ABFD-FE96-4BDE-B8E2-B69E2740E91D}.Release|Any CPU.ActiveCfg = Release|Any CPU
		{7C41ABFD-FE96-4BDE-B8E2-B69E2740E91D}.Release|Any CPU.Build.0 = Release|Any CPU
		{0268F327-14D3-42A5-9CC6-4DDFE7BFC678}.Debug|Any CPU.ActiveCfg = Debug|Any CPU
		{0268F327-14D3-42A5-9CC6-4DDFE7BFC678}.Debug|Any CPU.Build.0 = Debug|Any CPU
		{0268F327-14D3-42A5-9CC6-4DDFE7BFC678}.Release|Any CPU.ActiveCfg = Release|Any CPU
		{0268F327-14D3-42A5-9CC6-4DDFE7BFC678}.Release|Any CPU.Build.0 = Release|Any CPU
		{8F4B5896-A35D-4615-939F-C303BD2C3EAD}.Debug|Any CPU.ActiveCfg = Debug|Any CPU
		{8F4B5896-A35D-4615-939F-C303BD2C3EAD}.Debug|Any CPU.Build.0 = Debug|Any CPU
		{8F4B5896-A35D-4615-939F-C303BD2C3EAD}.Release|Any CPU.ActiveCfg = Release|Any CPU
		{8F4B5896-A35D-4615-939F-C303BD2C3EAD}.Release|Any CPU.Build.0 = Release|Any CPU
		{D8EB34B9-597D-434E-81D6-CAEF29EAFEE2}.Debug|Any CPU.ActiveCfg = Debug|Any CPU
		{D8EB34B9-597D-434E-81D6-CAEF29EAFEE2}.Debug|Any CPU.Build.0 = Debug|Any CPU
		{D8EB34B9-597D-434E-81D6-CAEF29EAFEE2}.Release|Any CPU.ActiveCfg = Release|Any CPU
		{D8EB34B9-597D-434E-81D6-CAEF29EAFEE2}.Release|Any CPU.Build.0 = Release|Any CPU
		{06108B37-2799-41C5-9EF6-77A3BAA40BD0}.Debug|Any CPU.ActiveCfg = Debug|Any CPU
		{06108B37-2799-41C5-9EF6-77A3BAA40BD0}.Debug|Any CPU.Build.0 = Debug|Any CPU
		{06108B37-2799-41C5-9EF6-77A3BAA40BD0}.Release|Any CPU.ActiveCfg = Release|Any CPU
		{06108B37-2799-41C5-9EF6-77A3BAA40BD0}.Release|Any CPU.Build.0 = Release|Any CPU
	EndGlobalSection
	GlobalSection(SolutionProperties) = preSolution
		HideSolutionNode = FALSE
	EndGlobalSection
	GlobalSection(ExtensibilityGlobals) = postSolution
		SolutionGuid = {E50C8BF8-1D1B-4B1A-93D2-6D57D29BD90F}
	EndGlobalSection
EndGlobal
